
Microsoft Visual Studio Solution File, Format Version 12.00
# Visual Studio Version 16
VisualStudioVersion = 16.0.29209.62
MinimumVisualStudioVersion = 10.0.40219.1
Project("{00D1A9C2-B5F0-4AF3-8072-F6C62B433612}") = "Mweb_DataTableFirst", "Mweb_DataTableFirst\Mweb_DataTableFirst.sqlproj", "{8CC89A25-9533-4D5D-809D-E6147D827D54}"
EndProject
Project("{FAE04EC0-301F-11D3-BF4B-00C04F79EFBC}") = "MWeb_databaseFirst", "MWeb_databaseFirst\MWeb_databaseFirst.csproj", "{DD393DE2-7715-4DE8-A020-07901D310D14}"
EndProject
Global
	GlobalSection(SolutionConfigurationPlatforms) = preSolution
		Debug|Any CPU = Debug|Any CPU
		Release|Any CPU = Release|Any CPU
	EndGlobalSection
	GlobalSection(ProjectConfigurationPlatforms) = postSolution
		{8CC89A25-9533-4D5D-809D-E6147D827D54}.Debug|Any CPU.ActiveCfg = Debug|Any CPU
		{8CC89A25-9533-4D5D-809D-E6147D827D54}.Debug|Any CPU.Build.0 = Debug|Any CPU
		{8CC89A25-9533-4D5D-809D-E6147D827D54}.Debug|Any CPU.Deploy.0 = Debug|Any CPU
		{8CC89A25-9533-4D5D-809D-E6147D827D54}.Release|Any CPU.ActiveCfg = Release|Any CPU
		{8CC89A25-9533-4D5D-809D-E6147D827D54}.Release|Any CPU.Build.0 = Release|Any CPU
		{8CC89A25-9533-4D5D-809D-E6147D827D54}.Release|Any CPU.Deploy.0 = Release|Any CPU
		{DD393DE2-7715-4DE8-A020-07901D310D14}.Debug|Any CPU.ActiveCfg = Debug|Any CPU
		{DD393DE2-7715-4DE8-A020-07901D310D14}.Debug|Any CPU.Build.0 = Debug|Any CPU
		{DD393DE2-7715-4DE8-A020-07901D310D14}.Release|Any CPU.ActiveCfg = Release|Any CPU
		{DD393DE2-7715-4DE8-A020-07901D310D14}.Release|Any CPU.Build.0 = Release|Any CPU
	EndGlobalSection
	GlobalSection(SolutionProperties) = preSolution
		HideSolutionNode = FALSE
	EndGlobalSection
	GlobalSection(ExtensibilityGlobals) = postSolution
		SolutionGuid = {E275338E-467B-432C-B092-0EF187191C7E}
	EndGlobalSection
EndGlobal
